
Microsoft Visual Studio Solution File, Format Version 12.00
Project("{FAE04EC0-301F-11D3-BF4B-00C04F79EFBC}") = "CharpEmoji.SRC", "CharpEmoji.SRC\CharpEmoji.SRC.csproj", "{368CB393-D0DE-4971-8964-CE41A30649A2}"
EndProject
Global
	GlobalSection(SolutionConfigurationPlatforms) = preSolution
		Debug|Any CPU = Debug|Any CPU
		Release|Any CPU = Release|Any CPU
	EndGlobalSection
	GlobalSection(ProjectConfigurationPlatforms) = postSolution
		{368CB393-D0DE-4971-8964-CE41A30649A2}.Debug|Any CPU.ActiveCfg = Debug|Any CPU
		{368CB393-D0DE-4971-8964-CE41A30649A2}.Debug|Any CPU.Build.0 = Debug|Any CPU
		{368CB393-D0DE-4971-8964-CE41A30649A2}.Release|Any CPU.ActiveCfg = Release|Any CPU
		{368CB393-D0DE-4971-8964-CE41A30649A2}.Release|Any CPU.Build.0 = Release|Any CPU
	EndGlobalSection
EndGlobal
